
Microsoft Visual Studio Solution File, Format Version 9.00
# Visual Studio 2005
Project("{FAE04EC0-301F-11D3-BF4B-00C04F79EFBC}") = "MakeCat", "AutoZ\Interface\MakeCat\MakeCat.csproj", "{6152005E-EABB-43A9-85AF-82A24B297DDF}"
	ProjectSection(ProjectDependencies) = postProject
		{D8CB7641-7498-4760-931F-1E0E11C54625} = {D8CB7641-7498-4760-931F-1E0E11C54625}
	EndProjectSection
EndProject
Project("{FAE04EC0-301F-11D3-BF4B-00C04F79EFBC}") = "RunScan", "AutoZ\Interface\RunScan\RunScan.csproj", "{0206DC83-C27B-441D-9C7F-EA21901152E9}"
	ProjectSection(ProjectDependencies) = postProject
		{D8CB7641-7498-4760-931F-1E0E11C54625} = {D8CB7641-7498-4760-931F-1E0E11C54625}
	EndProjectSection
EndProject
Project("{54435603-DBB4-11D2-8724-00A0C9A8B90C}") = "Setup", "Setup\Setup.vdproj", "{436A4714-95E2-4528-8A2A-1E41AC18D2A1}"
EndProject
Project("{FAE04EC0-301F-11D3-BF4B-00C04F79EFBC}") = "AutoZServers", "Clint\AutoZServers\AutoZServers.csproj", "{1D1FF409-1AAE-4118-AD2D-33ADF2A150F9}"
EndProject
Project("{FAE04EC0-301F-11D3-BF4B-00C04F79EFBC}") = "AutoZClient", "Clint\AutoZClint\AutoZClient.csproj", "{7C87A279-0291-4ADB-BAEA-CDD62DFFE0BD}"
	ProjectSection(ProjectDependencies) = postProject
		{D8CB7641-7498-4760-931F-1E0E11C54625} = {D8CB7641-7498-4760-931F-1E0E11C54625}
	EndProjectSection
EndProject
Project("{2150E333-8FDC-42A3-9474-1A3956D46DE8}") = "Client", "Client", "{0CCD215E-0F36-42CE-96DB-98A53D90C546}"
EndProject
Project("{2150E333-8FDC-42A3-9474-1A3956D46DE8}") = "Servers", "Servers", "{4DF6AA7C-EE87-42EF-A16F-3062463C4A08}"
EndProject
Project("{2150E333-8FDC-42A3-9474-1A3956D46DE8}") = "Install", "Install", "{6D660BD2-6A66-4BF0-A9B4-50E9CB54251E}"
EndProject
Project("{54435603-DBB4-11D2-8724-00A0C9A8B90C}") = "Custom", "Custom\Custom.vdproj", "{C26C9242-424C-4ADC-833C-FCED2244BC88}"
EndProject
Project("{FAE04EC0-301F-11D3-BF4B-00C04F79EFBC}") = "Sender", "AutoZ\Interface\Sender\Sender.csproj", "{F6741DB8-D62B-4605-A51F-28719621C071}"
	ProjectSection(ProjectDependencies) = postProject
		{D8CB7641-7498-4760-931F-1E0E11C54625} = {D8CB7641-7498-4760-931F-1E0E11C54625}
	EndProjectSection
EndProject
Project("{2150E333-8FDC-42A3-9474-1A3956D46DE8}") = "Kernel", "Kernel", "{2AB4FE60-9AE9-4F18-ABC8-DE61DF634803}"
EndProject
Project("{FAE04EC0-301F-11D3-BF4B-00C04F79EFBC}") = "AutoZKernel", "Kernel\AutoZKernel\AutoZKernel.csproj", "{D8CB7641-7498-4760-931F-1E0E11C54625}"
EndProject
Project("{2150E333-8FDC-42A3-9474-1A3956D46DE8}") = "Test", "Test", "{7315864A-005B-446F-BBEE-168870732577}"
EndProject
Project("{FAE04EC0-301F-11D3-BF4B-00C04F79EFBC}") = "TestProject", "TestProject\TestProject.csproj", "{CEDE3ADE-5F08-4764-9B82-95D1C7F044FF}"
EndProject
Project("{FAE04EC0-301F-11D3-BF4B-00C04F79EFBC}") = "SrvGetter", "AutoZ\Interface\SrvGetter\SrvGetter.csproj", "{1A8725D6-E035-4B0D-9A3D-02B67BDFD8C9}"
EndProject
Project("{FAE04EC0-301F-11D3-BF4B-00C04F79EFBC}") = "AutoZServers", "AutoZ\AutoZServers\AutoZServers.csproj", "{B287FA81-FB25-4306-9977-4480D3FC0C71}"
EndProject
Project("{FAE04EC0-301F-11D3-BF4B-00C04F79EFBC}") = "AutoZ", "AutoZ\AutoZ\AutoZ.csproj", "{84F6121E-2154-4120-9B4A-1F5DD4BF5077}"
EndProject
Project("{2150E333-8FDC-42A3-9474-1A3956D46DE8}") = "Tools", "Tools", "{D98C6C30-99F9-429F-9238-5E339A25B756}"
EndProject
Project("{FAE04EC0-301F-11D3-BF4B-00C04F79EFBC}") = "MakeConfig", "Tools\MakeConfig\MakeConfig.csproj", "{FFD3F31A-C7FD-456C-AB66-30AA355C7877}"
EndProject
Global
	GlobalSection(SolutionConfigurationPlatforms) = preSolution
		Debug|Any CPU = Debug|Any CPU
		Release|Any CPU = Release|Any CPU
	EndGlobalSection
	GlobalSection(ProjectConfigurationPlatforms) = postSolution
		{6152005E-EABB-43A9-85AF-82A24B297DDF}.Debug|Any CPU.ActiveCfg = Debug|Any CPU
		{6152005E-EABB-43A9-85AF-82A24B297DDF}.Debug|Any CPU.Build.0 = Debug|Any CPU
		{6152005E-EABB-43A9-85AF-82A24B297DDF}.Release|Any CPU.ActiveCfg = Release|Any CPU
		{6152005E-EABB-43A9-85AF-82A24B297DDF}.Release|Any CPU.Build.0 = Release|Any CPU
		{0206DC83-C27B-441D-9C7F-EA21901152E9}.Debug|Any CPU.ActiveCfg = Debug|Any CPU
		{0206DC83-C27B-441D-9C7F-EA21901152E9}.Debug|Any CPU.Build.0 = Debug|Any CPU
		{0206DC83-C27B-441D-9C7F-EA21901152E9}.Release|Any CPU.ActiveCfg = Release|Any CPU
		{0206DC83-C27B-441D-9C7F-EA21901152E9}.Release|Any CPU.Build.0 = Release|Any CPU
		{436A4714-95E2-4528-8A2A-1E41AC18D2A1}.Debug|Any CPU.ActiveCfg = Debug
		{436A4714-95E2-4528-8A2A-1E41AC18D2A1}.Release|Any CPU.ActiveCfg = Release
		{1D1FF409-1AAE-4118-AD2D-33ADF2A150F9}.Debug|Any CPU.ActiveCfg = Debug|Any CPU
		{1D1FF409-1AAE-4118-AD2D-33ADF2A150F9}.Debug|Any CPU.Build.0 = Debug|Any CPU
		{1D1FF409-1AAE-4118-AD2D-33ADF2A150F9}.Release|Any CPU.ActiveCfg = Release|Any CPU
		{1D1FF409-1AAE-4118-AD2D-33ADF2A150F9}.Release|Any CPU.Build.0 = Release|Any CPU
		{7C87A279-0291-4ADB-BAEA-CDD62DFFE0BD}.Debug|Any CPU.ActiveCfg = Debug|Any CPU
		{7C87A279-0291-4ADB-BAEA-CDD62DFFE0BD}.Debug|Any CPU.Build.0 = Debug|Any CPU
		{7C87A279-0291-4ADB-BAEA-CDD62DFFE0BD}.Release|Any CPU.ActiveCfg = Release|Any CPU
		{7C87A279-0291-4ADB-BAEA-CDD62DFFE0BD}.Release|Any CPU.Build.0 = Release|Any CPU
		{C26C9242-424C-4ADC-833C-FCED2244BC88}.Debug|Any CPU.ActiveCfg = Debug
		{C26C9242-424C-4ADC-833C-FCED2244BC88}.Release|Any CPU.ActiveCfg = Release
		{F6741DB8-D62B-4605-A51F-28719621C071}.Debug|Any CPU.ActiveCfg = Debug|Any CPU
		{F6741DB8-D62B-4605-A51F-28719621C071}.Debug|Any CPU.Build.0 = Debug|Any CPU
		{F6741DB8-D62B-4605-A51F-28719621C071}.Release|Any CPU.ActiveCfg = Release|Any CPU
		{F6741DB8-D62B-4605-A51F-28719621C071}.Release|Any CPU.Build.0 = Release|Any CPU
		{D8CB7641-7498-4760-931F-1E0E11C54625}.Debug|Any CPU.ActiveCfg = Debug|Any CPU
		{D8CB7641-7498-4760-931F-1E0E11C54625}.Debug|Any CPU.Build.0 = Debug|Any CPU
		{D8CB7641-7498-4760-931F-1E0E11C54625}.Release|Any CPU.ActiveCfg = Release|Any CPU
		{D8CB7641-7498-4760-931F-1E0E11C54625}.Release|Any CPU.Build.0 = Release|Any CPU
		{CEDE3ADE-5F08-4764-9B82-95D1C7F044FF}.Debug|Any CPU.ActiveCfg = Debug|Any CPU
		{CEDE3ADE-5F08-4764-9B82-95D1C7F044FF}.Debug|Any CPU.Build.0 = Debug|Any CPU
		{CEDE3ADE-5F08-4764-9B82-95D1C7F044FF}.Release|Any CPU.ActiveCfg = Release|Any CPU
		{CEDE3ADE-5F08-4764-9B82-95D1C7F044FF}.Release|Any CPU.Build.0 = Release|Any CPU
		{1A8725D6-E035-4B0D-9A3D-02B67BDFD8C9}.Debug|Any CPU.ActiveCfg = Debug|Any CPU
		{1A8725D6-E035-4B0D-9A3D-02B67BDFD8C9}.Debug|Any CPU.Build.0 = Debug|Any CPU
		{1A8725D6-E035-4B0D-9A3D-02B67BDFD8C9}.Release|Any CPU.ActiveCfg = Release|Any CPU
		{1A8725D6-E035-4B0D-9A3D-02B67BDFD8C9}.Release|Any CPU.Build.0 = Release|Any CPU
		{B287FA81-FB25-4306-9977-4480D3FC0C71}.Debug|Any CPU.ActiveCfg = Debug|Any CPU
		{B287FA81-FB25-4306-9977-4480D3FC0C71}.Debug|Any CPU.Build.0 = Debug|Any CPU
		{B287FA81-FB25-4306-9977-4480D3FC0C71}.Release|Any CPU.ActiveCfg = Release|Any CPU
		{B287FA81-FB25-4306-9977-4480D3FC0C71}.Release|Any CPU.Build.0 = Release|Any CPU
		{84F6121E-2154-4120-9B4A-1F5DD4BF5077}.Debug|Any CPU.ActiveCfg = Debug|Any CPU
		{84F6121E-2154-4120-9B4A-1F5DD4BF5077}.Debug|Any CPU.Build.0 = Debug|Any CPU
		{84F6121E-2154-4120-9B4A-1F5DD4BF5077}.Release|Any CPU.ActiveCfg = Release|Any CPU
		{84F6121E-2154-4120-9B4A-1F5DD4BF5077}.Release|Any CPU.Build.0 = Release|Any CPU
		{FFD3F31A-C7FD-456C-AB66-30AA355C7877}.Debug|Any CPU.ActiveCfg = Debug|Any CPU
		{FFD3F31A-C7FD-456C-AB66-30AA355C7877}.Debug|Any CPU.Build.0 = Debug|Any CPU
		{FFD3F31A-C7FD-456C-AB66-30AA355C7877}.Release|Any CPU.ActiveCfg = Release|Any CPU
		{FFD3F31A-C7FD-456C-AB66-30AA355C7877}.Release|Any CPU.Build.0 = Release|Any CPU
	EndGlobalSection
	GlobalSection(SolutionProperties) = preSolution
		HideSolutionNode = FALSE
	EndGlobalSection
	GlobalSection(NestedProjects) = preSolution
		{6152005E-EABB-43A9-85AF-82A24B297DDF} = {4DF6AA7C-EE87-42EF-A16F-3062463C4A08}
		{0206DC83-C27B-441D-9C7F-EA21901152E9} = {4DF6AA7C-EE87-42EF-A16F-3062463C4A08}
		{F6741DB8-D62B-4605-A51F-28719621C071} = {4DF6AA7C-EE87-42EF-A16F-3062463C4A08}
		{1A8725D6-E035-4B0D-9A3D-02B67BDFD8C9} = {4DF6AA7C-EE87-42EF-A16F-3062463C4A08}
		{B287FA81-FB25-4306-9977-4480D3FC0C71} = {4DF6AA7C-EE87-42EF-A16F-3062463C4A08}
		{84F6121E-2154-4120-9B4A-1F5DD4BF5077} = {4DF6AA7C-EE87-42EF-A16F-3062463C4A08}
		{436A4714-95E2-4528-8A2A-1E41AC18D2A1} = {6D660BD2-6A66-4BF0-A9B4-50E9CB54251E}
		{C26C9242-424C-4ADC-833C-FCED2244BC88} = {6D660BD2-6A66-4BF0-A9B4-50E9CB54251E}
		{7C87A279-0291-4ADB-BAEA-CDD62DFFE0BD} = {0CCD215E-0F36-42CE-96DB-98A53D90C546}
		{1D1FF409-1AAE-4118-AD2D-33ADF2A150F9} = {0CCD215E-0F36-42CE-96DB-98A53D90C546}
		{D8CB7641-7498-4760-931F-1E0E11C54625} = {2AB4FE60-9AE9-4F18-ABC8-DE61DF634803}
		{CEDE3ADE-5F08-4764-9B82-95D1C7F044FF} = {7315864A-005B-446F-BBEE-168870732577}
		{FFD3F31A-C7FD-456C-AB66-30AA355C7877} = {D98C6C30-99F9-429F-9238-5E339A25B756}
	EndGlobalSection
EndGlobal
